// !$*UTF8*$!
{
	archiveVersion = 1;
	classes = {
	};
	objectVersion = 50;
	objects = {

/* Begin PBXBuildFile section */
		174F735D151F8DEE801F2EF1 /* Pods_FlixTests.framework in Frameworks */ = {isa = PBXBuildFile; fileRef = 4822DB06B72CFBE76CE4C8CB /* Pods_FlixTests.framework */; };
		4401FD6A9ED95D92B01A8BEB /* Pods_FlixUITests.framework in Frameworks */ = {isa = PBXBuildFile; fileRef = E0FE21D03D5B0F1F003F6848 /* Pods_FlixUITests.framework */; };
		5D2C820F92E88D6A01DF1FAF /* Pods_Flix.framework in Frameworks */ = {isa = PBXBuildFile; fileRef = 76D9B6573958E16EE3D5FE94 /* Pods_Flix.framework */; };
		EF577146220DC62E001C11B2 /* AppDelegate.swift in Sources */ = {isa = PBXBuildFile; fileRef = EF577145220DC62E001C11B2 /* AppDelegate.swift */; };
		EF57714B220DC62E001C11B2 /* Main.storyboard in Resources */ = {isa = PBXBuildFile; fileRef = EF577149220DC62E001C11B2 /* Main.storyboard */; };
		EF57714D220DC62F001C11B2 /* Assets.xcassets in Resources */ = {isa = PBXBuildFile; fileRef = EF57714C220DC62F001C11B2 /* Assets.xcassets */; };
		EF577150220DC62F001C11B2 /* LaunchScreen.storyboard in Resources */ = {isa = PBXBuildFile; fileRef = EF57714E220DC62F001C11B2 /* LaunchScreen.storyboard */; };
		EF57715B220DC630001C11B2 /* FlixTests.swift in Sources */ = {isa = PBXBuildFile; fileRef = EF57715A220DC630001C11B2 /* FlixTests.swift */; };
		EF577166220DC630001C11B2 /* FlixUITests.swift in Sources */ = {isa = PBXBuildFile; fileRef = EF577165220DC630001C11B2 /* FlixUITests.swift */; };
		EF577174220DD150001C11B2 /* MovieViewController.swift in Sources */ = {isa = PBXBuildFile; fileRef = EF577173220DD150001C11B2 /* MovieViewController.swift */; };
		EF577176220DDBE7001C11B2 /* MovieCell.swift in Sources */ = {isa = PBXBuildFile; fileRef = EF577175220DDBE7001C11B2 /* MovieCell.swift */; };
/* End PBXBuildFile section */

/* Begin PBXContainerItemProxy section */
		EF577157220DC630001C11B2 /* PBXContainerItemProxy */ = {
			isa = PBXContainerItemProxy;
			containerPortal = EF57713A220DC62E001C11B2 /* Project object */;
			proxyType = 1;
			remoteGlobalIDString = EF577141220DC62E001C11B2;
			remoteInfo = Flix;
		};
		EF577162220DC630001C11B2 /* PBXContainerItemProxy */ = {
			isa = PBXContainerItemProxy;
			containerPortal = EF57713A220DC62E001C11B2 /* Project object */;
			proxyType = 1;
			remoteGlobalIDString = EF577141220DC62E001C11B2;
			remoteInfo = Flix;
		};
/* End PBXContainerItemProxy section */

/* Begin PBXFileReference section */
		1257A8A3280F37E164F3FD01 /* Pods-FlixUITests.release.xcconfig */ = {isa = PBXFileReference; includeInIndex = 1; lastKnownFileType = text.xcconfig; name = "Pods-FlixUITests.release.xcconfig"; path = "Pods/Target Support Files/Pods-FlixUITests/Pods-FlixUITests.release.xcconfig"; sourceTree = "<group>"; };
		4822DB06B72CFBE76CE4C8CB /* Pods_FlixTests.framework */ = {isa = PBXFileReference; explicitFileType = wrapper.framework; includeInIndex = 0; path = Pods_FlixTests.framework; sourceTree = BUILT_PRODUCTS_DIR; };
		76D9B6573958E16EE3D5FE94 /* Pods_Flix.framework */ = {isa = PBXFileReference; explicitFileType = wrapper.framework; includeInIndex = 0; path = Pods_Flix.framework; sourceTree = BUILT_PRODUCTS_DIR; };
		B5AB86A201158EF04112EBA9 /* Pods-Flix.debug.xcconfig */ = {isa = PBXFileReference; includeInIndex = 1; lastKnownFileType = text.xcconfig; name = "Pods-Flix.debug.xcconfig"; path = "Pods/Target Support Files/Pods-Flix/Pods-Flix.debug.xcconfig"; sourceTree = "<group>"; };
		B888991450E29219DFE04080 /* Pods-FlixTests.debug.xcconfig */ = {isa = PBXFileReference; includeInIndex = 1; lastKnownFileType = text.xcconfig; name = "Pods-FlixTests.debug.xcconfig"; path = "Pods/Target Support Files/Pods-FlixTests/Pods-FlixTests.debug.xcconfig"; sourceTree = "<group>"; };
		BD032765017C0F2E0FCD1363 /* Pods-FlixUITests.debug.xcconfig */ = {isa = PBXFileReference; includeInIndex = 1; lastKnownFileType = text.xcconfig; name = "Pods-FlixUITests.debug.xcconfig"; path = "Pods/Target Support Files/Pods-FlixUITests/Pods-FlixUITests.debug.xcconfig"; sourceTree = "<group>"; };
		E0FE21D03D5B0F1F003F6848 /* Pods_FlixUITests.framework */ = {isa = PBXFileReference; explicitFileType = wrapper.framework; includeInIndex = 0; path = Pods_FlixUITests.framework; sourceTree = BUILT_PRODUCTS_DIR; };
		E8E005D634F380594CB4A3CD /* Pods-FlixTests.release.xcconfig */ = {isa = PBXFileReference; includeInIndex = 1; lastKnownFileType = text.xcconfig; name = "Pods-FlixTests.release.xcconfig"; path = "Pods/Target Support Files/Pods-FlixTests/Pods-FlixTests.release.xcconfig"; sourceTree = "<group>"; };
		EEB913E35FB0CACBD875C56D /* Pods-Flix.release.xcconfig */ = {isa = PBXFileReference; includeInIndex = 1; lastKnownFileType = text.xcconfig; name = "Pods-Flix.release.xcconfig"; path = "Pods/Target Support Files/Pods-Flix/Pods-Flix.release.xcconfig"; sourceTree = "<group>"; };
		EF577142220DC62E001C11B2 /* Flix.app */ = {isa = PBXFileReference; explicitFileType = wrapper.application; includeInIndex = 0; path = Flix.app; sourceTree = BUILT_PRODUCTS_DIR; };
		EF577145220DC62E001C11B2 /* AppDelegate.swift */ = {isa = PBXFileReference; lastKnownFileType = sourcecode.swift; path = AppDelegate.swift; sourceTree = "<group>"; };
		EF57714A220DC62E001C11B2 /* Base */ = {isa = PBXFileReference; lastKnownFileType = file.storyboard; name = Base; path = Base.lproj/Main.storyboard; sourceTree = "<group>"; };
		EF57714C220DC62F001C11B2 /* Assets.xcassets */ = {isa = PBXFileReference; lastKnownFileType = folder.assetcatalog; path = Assets.xcassets; sourceTree = "<group>"; };
		EF57714F220DC62F001C11B2 /* Base */ = {isa = PBXFileReference; lastKnownFileType = file.storyboard; name = Base; path = Base.lproj/LaunchScreen.storyboard; sourceTree = "<group>"; };
		EF577151220DC62F001C11B2 /* Info.plist */ = {isa = PBXFileReference; lastKnownFileType = text.plist.xml; path = Info.plist; sourceTree = "<group>"; };
		EF577156220DC630001C11B2 /* FlixTests.xctest */ = {isa = PBXFileReference; explicitFileType = wrapper.cfbundle; includeInIndex = 0; path = FlixTests.xctest; sourceTree = BUILT_PRODUCTS_DIR; };
		EF57715A220DC630001C11B2 /* FlixTests.swift */ = {isa = PBXFileReference; lastKnownFileType = sourcecode.swift; path = FlixTests.swift; sourceTree = "<group>"; };
		EF57715C220DC630001C11B2 /* Info.plist */ = {isa = PBXFileReference; lastKnownFileType = text.plist.xml; path = Info.plist; sourceTree = "<group>"; };
		EF577161220DC630001C11B2 /* FlixUITests.xctest */ = {isa = PBXFileReference; explicitFileType = wrapper.cfbundle; includeInIndex = 0; path = FlixUITests.xctest; sourceTree = BUILT_PRODUCTS_DIR; };
		EF577165220DC630001C11B2 /* FlixUITests.swift */ = {isa = PBXFileReference; lastKnownFileType = sourcecode.swift; path = FlixUITests.swift; sourceTree = "<group>"; };
		EF577167220DC630001C11B2 /* Info.plist */ = {isa = PBXFileReference; lastKnownFileType = text.plist.xml; path = Info.plist; sourceTree = "<group>"; };
		EF577173220DD150001C11B2 /* MovieViewController.swift */ = {isa = PBXFileReference; lastKnownFileType = sourcecode.swift; name = MovieViewController.swift; path = ../MovieViewController.swift; sourceTree = "<group>"; };
		EF577175220DDBE7001C11B2 /* MovieCell.swift */ = {isa = PBXFileReference; lastKnownFileType = sourcecode.swift; path = MovieCell.swift; sourceTree = "<group>"; };
/* End PBXFileReference section */

/* Begin PBXFrameworksBuildPhase section */
		EF57713F220DC62E001C11B2 /* Frameworks */ = {
			isa = PBXFrameworksBuildPhase;
			buildActionMask = 2147483647;
			files = (
				5D2C820F92E88D6A01DF1FAF /* Pods_Flix.framework in Frameworks */,
			);
			runOnlyForDeploymentPostprocessing = 0;
		};
		EF577153220DC630001C11B2 /* Frameworks */ = {
			isa = PBXFrameworksBuildPhase;
			buildActionMask = 2147483647;
			files = (
				174F735D151F8DEE801F2EF1 /* Pods_FlixTests.framework in Frameworks */,
			);
			runOnlyForDeploymentPostprocessing = 0;
		};
		EF57715E220DC630001C11B2 /* Frameworks */ = {
			isa = PBXFrameworksBuildPhase;
			buildActionMask = 2147483647;
			files = (
				4401FD6A9ED95D92B01A8BEB /* Pods_FlixUITests.framework in Frameworks */,
			);
			runOnlyForDeploymentPostprocessing = 0;
		};
/* End PBXFrameworksBuildPhase section */

/* Begin PBXGroup section */
		0B92B771AFD39638011573A0 /* Frameworks */ = {
			isa = PBXGroup;
			children = (
				76D9B6573958E16EE3D5FE94 /* Pods_Flix.framework */,
				4822DB06B72CFBE76CE4C8CB /* Pods_FlixTests.framework */,
				E0FE21D03D5B0F1F003F6848 /* Pods_FlixUITests.framework */,
			);
			name = Frameworks;
			sourceTree = "<group>";
		};
		913BC9D9BAD1F4DE6C4A9D8F /* Pods */ = {
			isa = PBXGroup;
			children = (
				B5AB86A201158EF04112EBA9 /* Pods-Flix.debug.xcconfig */,
				EEB913E35FB0CACBD875C56D /* Pods-Flix.release.xcconfig */,
				B888991450E29219DFE04080 /* Pods-FlixTests.debug.xcconfig */,
				E8E005D634F380594CB4A3CD /* Pods-FlixTests.release.xcconfig */,
				BD032765017C0F2E0FCD1363 /* Pods-FlixUITests.debug.xcconfig */,
				1257A8A3280F37E164F3FD01 /* Pods-FlixUITests.release.xcconfig */,
			);
			name = Pods;
			sourceTree = "<group>";
		};
		EF577139220DC62E001C11B2 = {
			isa = PBXGroup;
			children = (
				EF577144220DC62E001C11B2 /* Flix */,
				EF577159220DC630001C11B2 /* FlixTests */,
				EF577164220DC630001C11B2 /* FlixUITests */,
				EF577143220DC62E001C11B2 /* Products */,
				913BC9D9BAD1F4DE6C4A9D8F /* Pods */,
				0B92B771AFD39638011573A0 /* Frameworks */,
			);
			sourceTree = "<group>";
		};
		EF577143220DC62E001C11B2 /* Products */ = {
			isa = PBXGroup;
			children = (
				EF577142220DC62E001C11B2 /* Flix.app */,
				EF577156220DC630001C11B2 /* FlixTests.xctest */,
				EF577161220DC630001C11B2 /* FlixUITests.xctest */,
			);
			name = Products;
			sourceTree = "<group>";
		};
		EF577144220DC62E001C11B2 /* Flix */ = {
			isa = PBXGroup;
			children = (
				EF577173220DD150001C11B2 /* MovieViewController.swift */,
				EF577175220DDBE7001C11B2 /* MovieCell.swift */,
				EF577145220DC62E001C11B2 /* AppDelegate.swift */,
				EF577149220DC62E001C11B2 /* Main.storyboard */,
				EF57714C220DC62F001C11B2 /* Assets.xcassets */,
				EF57714E220DC62F001C11B2 /* LaunchScreen.storyboard */,
				EF577151220DC62F001C11B2 /* Info.plist */,
			);
			path = Flix;
			sourceTree = "<group>";
		};
		EF577159220DC630001C11B2 /* FlixTests */ = {
			isa = PBXGroup;
			children = (
				EF57715A220DC630001C11B2 /* FlixTests.swift */,
				EF57715C220DC630001C11B2 /* Info.plist */,
			);
			path = FlixTests;
			sourceTree = "<group>";
		};
		EF577164220DC630001C11B2 /* FlixUITests */ = {
			isa = PBXGroup;
			children = (
				EF577165220DC630001C11B2 /* FlixUITests.swift */,
				EF577167220DC630001C11B2 /* Info.plist */,
			);
			path = FlixUITests;
			sourceTree = "<group>";
		};
/* End PBXGroup section */

/* Begin PBXNativeTarget section */
		EF577141220DC62E001C11B2 /* Flix */ = {
			isa = PBXNativeTarget;
			buildConfigurationList = EF57716A220DC630001C11B2 /* Build configuration list for PBXNativeTarget "Flix" */;
			buildPhases = (
				76C398479D1BF16F96B82864 /* [CP] Check Pods Manifest.lock */,
				EF57713E220DC62E001C11B2 /* Sources */,
				EF57713F220DC62E001C11B2 /* Frameworks */,
				EF577140220DC62E001C11B2 /* Resources */,
				D75EA3D412D7BF765DDDBCA2 /* [CP] Embed Pods Frameworks */,
			);
			buildRules = (
			);
			dependencies = (
			);
			name = Flix;
			productName = Flix;
			productReference = EF577142220DC62E001C11B2 /* Flix.app */;
			productType = "com.apple.product-type.application";
		};
		EF577155220DC630001C11B2 /* FlixTests */ = {
			isa = PBXNativeTarget;
			buildConfigurationList = EF57716D220DC630001C11B2 /* Build configuration list for PBXNativeTarget "FlixTests" */;
			buildPhases = (
				ECA17DAE3DF3EB3C107C3097 /* [CP] Check Pods Manifest.lock */,
				EF577152220DC630001C11B2 /* Sources */,
				EF577153220DC630001C11B2 /* Frameworks */,
				EF577154220DC630001C11B2 /* Resources */,
			);
			buildRules = (
			);
			dependencies = (
				EF577158220DC630001C11B2 /* PBXTargetDependency */,
			);
			name = FlixTests;
			productName = FlixTests;
			productReference = EF577156220DC630001C11B2 /* FlixTests.xctest */;
			productType = "com.apple.product-type.bundle.unit-test";
		};
		EF577160220DC630001C11B2 /* FlixUITests */ = {
			isa = PBXNativeTarget;
			buildConfigurationList = EF577170220DC630001C11B2 /* Build configuration list for PBXNativeTarget "FlixUITests" */;
			buildPhases = (
				38D98C54B09A606EFB6DF659 /* [CP] Check Pods Manifest.lock */,
				EF57715D220DC630001C11B2 /* Sources */,
				EF57715E220DC630001C11B2 /* Frameworks */,
				EF57715F220DC630001C11B2 /* Resources */,
			);
			buildRules = (
			);
			dependencies = (
				EF577163220DC630001C11B2 /* PBXTargetDependency */,
			);
			name = FlixUITests;
			productName = FlixUITests;
			productReference = EF577161220DC630001C11B2 /* FlixUITests.xctest */;
			productType = "com.apple.product-type.bundle.ui-testing";
		};
/* End PBXNativeTarget section */

/* Begin PBXProject section */
		EF57713A220DC62E001C11B2 /* Project object */ = {
			isa = PBXProject;
			attributes = {
				LastSwiftUpdateCheck = 1000;
				LastUpgradeCheck = 1000;
				ORGANIZATIONNAME = "Yash Mahajan";
				TargetAttributes = {
					EF577141220DC62E001C11B2 = {
						CreatedOnToolsVersion = 10.0;
					};
					EF577155220DC630001C11B2 = {
						CreatedOnToolsVersion = 10.0;
						TestTargetID = EF577141220DC62E001C11B2;
					};
					EF577160220DC630001C11B2 = {
						CreatedOnToolsVersion = 10.0;
						TestTargetID = EF577141220DC62E001C11B2;
					};
				};
			};
			buildConfigurationList = EF57713D220DC62E001C11B2 /* Build configuration list for PBXProject "Flix" */;
			compatibilityVersion = "Xcode 9.3";
			developmentRegion = en;
			hasScannedForEncodings = 0;
			knownRegions = (
				en,
				Base,
			);
			mainGroup = EF577139220DC62E001C11B2;
			productRefGroup = EF577143220DC62E001C11B2 /* Products */;
			projectDirPath = "";
			projectRoot = "";
			targets = (
				EF577141220DC62E001C11B2 /* Flix */,
				EF577155220DC630001C11B2 /* FlixTests */,
				EF577160220DC630001C11B2 /* FlixUITests */,
			);
		};
/* End PBXProject section */

/* Begin PBXResourcesBuildPhase section */
		EF577140220DC62E001C11B2 /* Resources */ = {
			isa = PBXResourcesBuildPhase;
			buildActionMask = 2147483647;
			files = (
				EF577150220DC62F001C11B2 /* LaunchScreen.storyboard in Resources */,
				EF57714D220DC62F001C11B2 /* Assets.xcassets in Resources */,
				EF57714B220DC62E001C11B2 /* Main.storyboard in Resources */,
			);
			runOnlyForDeploymentPostprocessing = 0;
		};
		EF577154220DC630001C11B2 /* Resources */ = {
			isa = PBXResourcesBuildPhase;
			buildActionMask = 2147483647;
			files = (
			);
			runOnlyForDeploymentPostprocessing = 0;
		};
		EF57715F220DC630001C11B2 /* Resources */ = {
			isa = PBXResourcesBuildPhase;
			buildActionMask = 2147483647;
			files = (
			);
			runOnlyForDeploymentPostprocessing = 0;
		};
/* End PBXResourcesBuildPhase section */

/* Begin PBXShellScriptBuildPhase section */
		38D98C54B09A606EFB6DF659 /* [CP] Check Pods Manifest.lock */ = {
			isa = PBXShellScriptBuildPhase;
			buildActionMask = 2147483647;
			files = (
			);
			inputFileListPaths = (
			);
			inputPaths = (
				"${PODS_PODFILE_DIR_PATH}/Podfile.lock",
				"${PODS_ROOT}/Manifest.lock",
			);
			name = "[CP] Check Pods Manifest.lock";
			outputFileListPaths = (
			);
			outputPaths = (
				"$(DERIVED_FILE_DIR)/Pods-FlixUITests-checkManifestLockResult.txt",
			);
			runOnlyForDeploymentPostprocessing = 0;
			shellPath = /bin/sh;
			shellScript = "diff \"${PODS_PODFILE_DIR_PATH}/Podfile.lock\" \"${PODS_ROOT}/Manifest.lock\" > /dev/null\nif [ $? != 0 ] ; then\n    # print error to STDERR\n    echo \"error: The sandbox is not in sync with the Podfile.lock. Run 'pod install' or update your CocoaPods installation.\" >&2\n    exit 1\nfi\n# This output is used by Xcode 'outputs' to avoid re-running this script phase.\necho \"SUCCESS\" > \"${SCRIPT_OUTPUT_FILE_0}\"\n";
			showEnvVarsInLog = 0;
		};
		76C398479D1BF16F96B82864 /* [CP] Check Pods Manifest.lock */ = {
			isa = PBXShellScriptBuildPhase;
			buildActionMask = 2147483647;
			files = (
			);
			inputFileListPaths = (
			);
			inputPaths = (
				"${PODS_PODFILE_DIR_PATH}/Podfile.lock",
				"${PODS_ROOT}/Manifest.lock",
			);
			name = "[CP] Check Pods Manifest.lock";
			outputFileListPaths = (
			);
			outputPaths = (
				"$(DERIVED_FILE_DIR)/Pods-Flix-checkManifestLockResult.txt",
			);
			runOnlyForDeploymentPostprocessing = 0;
			shellPath = /bin/sh;
			shellScript = "diff \"${PODS_PODFILE_DIR_PATH}/Podfile.lock\" \"${PODS_ROOT}/Manifest.lock\" > /dev/null\nif [ $? != 0 ] ; then\n    # print error to STDERR\n    echo \"error: The sandbox is not in sync with the Podfile.lock. Run 'pod install' or update your CocoaPods installation.\" >&2\n    exit 1\nfi\n# This output is used by Xcode 'outputs' to avoid re-running this script phase.\necho \"SUCCESS\" > \"${SCRIPT_OUTPUT_FILE_0}\"\n";
			showEnvVarsInLog = 0;
		};
		D75EA3D412D7BF765DDDBCA2 /* [CP] Embed Pods Frameworks */ = {
			isa = PBXShellScriptBuildPhase;
			buildActionMask = 2147483647;
			files = (
			);
			inputFileListPaths = (
			);
			inputPaths = (
				"${SRCROOT}/Pods/Target Support Files/Pods-Flix/Pods-Flix-frameworks.sh",
				"${BUILT_PRODUCTS_DIR}/Alamofire/Alamofire.framework",
				"${BUILT_PRODUCTS_DIR}/AlamofireImage/AlamofireImage.framework",
			);
			name = "[CP] Embed Pods Frameworks";
			outputFileListPaths = (
			);
			outputPaths = (
				"${TARGET_BUILD_DIR}/${FRAMEWORKS_FOLDER_PATH}/Alamofire.framework",
				"${TARGET_BUILD_DIR}/${FRAMEWORKS_FOLDER_PATH}/AlamofireImage.framework",
			);
			runOnlyForDeploymentPostprocessing = 0;
			shellPath = /bin/sh;
			shellScript = "\"${SRCROOT}/Pods/Target Support Files/Pods-Flix/Pods-Flix-frameworks.sh\"\n";
			showEnvVarsInLog = 0;
		};
		ECA17DAE3DF3EB3C107C3097 /* [CP] Check Pods Manifest.lock */ = {
			isa = PBXShellScriptBuildPhase;
			buildActionMask = 2147483647;
			files = (
			);
			inputFileListPaths = (
			);
			inputPaths = (
				"${PODS_PODFILE_DIR_PATH}/Podfile.lock",
				"${PODS_ROOT}/Manifest.lock",
			);
			name = "[CP] Check Pods Manifest.lock";
			outputFileListPaths = (
			);
			outputPaths = (
				"$(DERIVED_FILE_DIR)/Pods-FlixTests-checkManifestLockResult.txt",
			);
			runOnlyForDeploymentPostprocessing = 0;
			shellPath = /bin/sh;
			shellScript = "diff \"${PODS_PODFILE_DIR_PATH}/Podfile.lock\" \"${PODS_ROOT}/Manifest.lock\" > /dev/null\nif [ $? != 0 ] ; then\n    # print error to STDERR\n    echo \"error: The sandbox is not in sync with the Podfile.lock. Run 'pod install' or update your CocoaPods installation.\" >&2\n    exit 1\nfi\n# This output is used by Xcode 'outputs' to avoid re-running this script phase.\necho \"SUCCESS\" > \"${SCRIPT_OUTPUT_FILE_0}\"\n";
			showEnvVarsInLog = 0;
		};
/* End PBXShellScriptBuildPhase section */

/* Begin PBXSourcesBuildPhase section */
		EF57713E220DC62E001C11B2 /* Sources */ = {
			isa = PBXSourcesBuildPhase;
			buildActionMask = 2147483647;
			files = (
				EF577146220DC62E001C11B2 /* AppDelegate.swift in Sources */,
				EF577174220DD150001C11B2 /* MovieViewController.swift in Sources */,
				EF577176220DDBE7001C11B2 /* MovieCell.swift in Sources */,
			);
			runOnlyForDeploymentPostprocessing = 0;
		};
		EF577152220DC630001C11B2 /* Sources */ = {
			isa = PBXSourcesBuildPhase;
			buildActionMask = 2147483647;
			files = (
				EF57715B220DC630001C11B2 /* FlixTests.swift in Sources */,
			);
			runOnlyForDeploymentPostprocessing = 0;
		};
		EF57715D220DC630001C11B2 /* Sources */ = {
			isa = PBXSourcesBuildPhase;
			buildActionMask = 2147483647;
			files = (
				EF577166220DC630001C11B2 /* FlixUITests.swift in Sources */,
			);
			runOnlyForDeploymentPostprocessing = 0;
		};
/* End PBXSourcesBuildPhase section */

/* Begin PBXTargetDependency section */
		EF577158220DC630001C11B2 /* PBXTargetDependency */ = {
			isa = PBXTargetDependency;
			target = EF577141220DC62E001C11B2 /* Flix */;
			targetProxy = EF577157220DC630001C11B2 /* PBXContainerItemProxy */;
		};
		EF577163220DC630001C11B2 /* PBXTargetDependency */ = {
			isa = PBXTargetDependency;
			target = EF577141220DC62E001C11B2 /* Flix */;
			targetProxy = EF577162220DC630001C11B2 /* PBXContainerItemProxy */;
		};
/* End PBXTargetDependency section */

/* Begin PBXVariantGroup section */
		EF577149220DC62E001C11B2 /* Main.storyboard */ = {
			isa = PBXVariantGroup;
			children = (
				EF57714A220DC62E001C11B2 /* Base */,
			);
			name = Main.storyboard;
			sourceTree = "<group>";
		};
		EF57714E220DC62F001C11B2 /* LaunchScreen.storyboard */ = {
			isa = PBXVariantGroup;
			children = (
				EF57714F220DC62F001C11B2 /* Base */,
			);
			name = LaunchScreen.storyboard;
			sourceTree = "<group>";
		};
/* End PBXVariantGroup section */

/* Begin XCBuildConfiguration section */
		EF577168220DC630001C11B2 /* Debug */ = {
			isa = XCBuildConfiguration;
			buildSettings = {
				ALWAYS_SEARCH_USER_PATHS = NO;
				CLANG_ANALYZER_NONNULL = YES;
				CLANG_ANALYZER_NUMBER_OBJECT_CONVERSION = YES_AGGRESSIVE;
				CLANG_CXX_LANGUAGE_STANDARD = "gnu++14";
				CLANG_CXX_LIBRARY = "libc++";
				CLANG_ENABLE_MODULES = YES;
				CLANG_ENABLE_OBJC_ARC = YES;
				CLANG_ENABLE_OBJC_WEAK = YES;
				CLANG_WARN_BLOCK_CAPTURE_AUTORELEASING = YES;
				CLANG_WARN_BOOL_CONVERSION = YES;
				CLANG_WARN_COMMA = YES;
				CLANG_WARN_CONSTANT_CONVERSION = YES;
				CLANG_WARN_DEPRECATED_OBJC_IMPLEMENTATIONS = YES;
				CLANG_WARN_DIRECT_OBJC_ISA_USAGE = YES_ERROR;
				CLANG_WARN_DOCUMENTATION_COMMENTS = YES;
				CLANG_WARN_EMPTY_BODY = YES;
				CLANG_WARN_ENUM_CONVERSION = YES;
				CLANG_WARN_INFINITE_RECURSION = YES;
				CLANG_WARN_INT_CONVERSION = YES;
				CLANG_WARN_NON_LITERAL_NULL_CONVERSION = YES;
				CLANG_WARN_OBJC_IMPLICIT_RETAIN_SELF = YES;
				CLANG_WARN_OBJC_LITERAL_CONVERSION = YES;
				CLANG_WARN_OBJC_ROOT_CLASS = YES_ERROR;
				CLANG_WARN_RANGE_LOOP_ANALYSIS = YES;
				CLANG_WARN_STRICT_PROTOTYPES = YES;
				CLANG_WARN_SUSPICIOUS_MOVE = YES;
				CLANG_WARN_UNGUARDED_AVAILABILITY = YES_AGGRESSIVE;
				CLANG_WARN_UNREACHABLE_CODE = YES;
				CLANG_WARN__DUPLICATE_METHOD_MATCH = YES;
				CODE_SIGN_IDENTITY = "iPhone Developer";
				COPY_PHASE_STRIP = NO;
				DEBUG_INFORMATION_FORMAT = dwarf;
				ENABLE_STRICT_OBJC_MSGSEND = YES;
				ENABLE_TESTABILITY = YES;
				GCC_C_LANGUAGE_STANDARD = gnu11;
				GCC_DYNAMIC_NO_PIC = NO;
				GCC_NO_COMMON_BLOCKS = YES;
				GCC_OPTIMIZATION_LEVEL = 0;
				GCC_PREPROCESSOR_DEFINITIONS = (
					"DEBUG=1",
					"$(inherited)",
				);
				GCC_WARN_64_TO_32_BIT_CONVERSION = YES;
				GCC_WARN_ABOUT_RETURN_TYPE = YES_ERROR;
				GCC_WARN_UNDECLARED_SELECTOR = YES;
				GCC_WARN_UNINITIALIZED_AUTOS = YES_AGGRESSIVE;
				GCC_WARN_UNUSED_FUNCTION = YES;
				GCC_WARN_UNUSED_VARIABLE = YES;
				IPHONEOS_DEPLOYMENT_TARGET = 12.0;
				MTL_ENABLE_DEBUG_INFO = INCLUDE_SOURCE;
				MTL_FAST_MATH = YES;
				ONLY_ACTIVE_ARCH = YES;
				SDKROOT = iphoneos;
				SWIFT_ACTIVE_COMPILATION_CONDITIONS = DEBUG;
				SWIFT_OPTIMIZATION_LEVEL = "-Onone";
			};
			name = Debug;
		};
		EF577169220DC630001C11B2 /* Release */ = {
			isa = XCBuildConfiguration;
			buildSettings = {
				ALWAYS_SEARCH_USER_PATHS = NO;
				CLANG_ANALYZER_NONNULL = YES;
				CLANG_ANALYZER_NUMBER_OBJECT_CONVERSION = YES_AGGRESSIVE;
				CLANG_CXX_LANGUAGE_STANDARD = "gnu++14";
				CLANG_CXX_LIBRARY = "libc++";
				CLANG_ENABLE_MODULES = YES;
				CLANG_ENABLE_OBJC_ARC = YES;
				CLANG_ENABLE_OBJC_WEAK = YES;
				CLANG_WARN_BLOCK_CAPTURE_AUTORELEASING = YES;
				CLANG_WARN_BOOL_CONVERSION = YES;
				CLANG_WARN_COMMA = YES;
				CLANG_WARN_CONSTANT_CONVERSION = YES;
				CLANG_WARN_DEPRECATED_OBJC_IMPLEMENTATIONS = YES;
				CLANG_WARN_DIRECT_OBJC_ISA_USAGE = YES_ERROR;
				CLANG_WARN_DOCUMENTATION_COMMENTS = YES;
				CLANG_WARN_EMPTY_BODY = YES;
				CLANG_WARN_ENUM_CONVERSION = YES;
				CLANG_WARN_INFINITE_RECURSION = YES;
				CLANG_WARN_INT_CONVERSION = YES;
				CLANG_WARN_NON_LITERAL_NULL_CONVERSION = YES;
				CLANG_WARN_OBJC_IMPLICIT_RETAIN_SELF = YES;
				CLANG_WARN_OBJC_LITERAL_CONVERSION = YES;
				CLANG_WARN_OBJC_ROOT_CLASS = YES_ERROR;
				CLANG_WARN_RANGE_LOOP_ANALYSIS = YES;
				CLANG_WARN_STRICT_PROTOTYPES = YES;
				CLANG_WARN_SUSPICIOUS_MOVE = YES;
				CLANG_WARN_UNGUARDED_AVAILABILITY = YES_AGGRESSIVE;
				CLANG_WARN_UNREACHABLE_CODE = YES;
				CLANG_WARN__DUPLICATE_METHOD_MATCH = YES;
				CODE_SIGN_IDENTITY = "iPhone Developer";
				COPY_PHASE_STRIP = NO;
				DEBUG_INFORMATION_FORMAT = "dwarf-with-dsym";
				ENABLE_NS_ASSERTIONS = NO;
				ENABLE_STRICT_OBJC_MSGSEND = YES;
				GCC_C_LANGUAGE_STANDARD = gnu11;
				GCC_NO_COMMON_BLOCKS = YES;
				GCC_WARN_64_TO_32_BIT_CONVERSION = YES;
				GCC_WARN_ABOUT_RETURN_TYPE = YES_ERROR;
				GCC_WARN_UNDECLARED_SELECTOR = YES;
				GCC_WARN_UNINITIALIZED_AUTOS = YES_AGGRESSIVE;
				GCC_WARN_UNUSED_FUNCTION = YES;
				GCC_WARN_UNUSED_VARIABLE = YES;
				IPHONEOS_DEPLOYMENT_TARGET = 12.0;
				MTL_ENABLE_DEBUG_INFO = NO;
				MTL_FAST_MATH = YES;
				SDKROOT = iphoneos;
				SWIFT_COMPILATION_MODE = wholemodule;
				SWIFT_OPTIMIZATION_LEVEL = "-O";
				VALIDATE_PRODUCT = YES;
			};
			name = Release;
		};
		EF57716B220DC630001C11B2 /* Debug */ = {
			isa = XCBuildConfiguration;
			baseConfigurationReference = B5AB86A201158EF04112EBA9 /* Pods-Flix.debug.xcconfig */;
			buildSettings = {
				ASSETCATALOG_COMPILER_APPICON_NAME = AppIcon;
				CODE_SIGN_STYLE = Automatic;
				INFOPLIST_FILE = Flix/Info.plist;
				LD_RUNPATH_SEARCH_PATHS = (
					"$(inherited)",
					"@executable_path/Frameworks",
				);
				PRODUCT_BUNDLE_IDENTIFIER = com.codepath.Flix;
				PRODUCT_NAME = "$(TARGET_NAME)";
				SWIFT_VERSION = 4.2;
				TARGETED_DEVICE_FAMILY = "1,2";
			};
			name = Debug;
		};
		EF57716C220DC630001C11B2 /* Release */ = {
			isa = XCBuildConfiguration;
			baseConfigurationReference = EEB913E35FB0CACBD875C56D /* Pods-Flix.release.xcconfig */;
			buildSettings = {
				ASSETCATALOG_COMPILER_APPICON_NAME = AppIcon;
				CODE_SIGN_STYLE = Automatic;
				INFOPLIST_FILE = Flix/Info.plist;
				LD_RUNPATH_SEARCH_PATHS = (
					"$(inherited)",
					"@executable_path/Frameworks",
				);
				PRODUCT_BUNDLE_IDENTIFIER = com.codepath.Flix;
				PRODUCT_NAME = "$(TARGET_NAME)";
				SWIFT_VERSION = 4.2;
				TARGETED_DEVICE_FAMILY = "1,2";
			};
			name = Release;
		};
		EF57716E220DC630001C11B2 /* Debug */ = {
			isa = XCBuildConfiguration;
			baseConfigurationReference = B888991450E29219DFE04080 /* Pods-FlixTests.debug.xcconfig */;
			buildSettings = {
				ALWAYS_EMBED_SWIFT_STANDARD_LIBRARIES = YES;
				BUNDLE_LOADER = "$(TEST_HOST)";
				CODE_SIGN_STYLE = Automatic;
				INFOPLIST_FILE = FlixTests/Info.plist;
				LD_RUNPATH_SEARCH_PATHS = (
					"$(inherited)",
					"@executable_path/Frameworks",
					"@loader_path/Frameworks",
				);
				PRODUCT_BUNDLE_IDENTIFIER = com.codepath.FlixTests;
				PRODUCT_NAME = "$(TARGET_NAME)";
				SWIFT_VERSION = 4.2;
				TARGETED_DEVICE_FAMILY = "1,2";
				TEST_HOST = "$(BUILT_PRODUCTS_DIR)/Flix.app/Flix";
			};
			name = Debug;
		};
		EF57716F220DC630001C11B2 /* Release */ = {
			isa = XCBuildConfiguration;
			baseConfigurationReference = E8E005D634F380594CB4A3CD /* Pods-FlixTests.release.xcconfig */;
			buildSettings = {
				ALWAYS_EMBED_SWIFT_STANDARD_LIBRARIES = YES;
				BUNDLE_LOADER = "$(TEST_HOST)";
				CODE_SIGN_STYLE = Automatic;
				INFOPLIST_FILE = FlixTests/Info.plist;
				LD_RUNPATH_SEARCH_PATHS = (
					"$(inherited)",
					"@executable_path/Frameworks",
					"@loader_path/Frameworks",
				);
				PRODUCT_BUNDLE_IDENTIFIER = com.codepath.FlixTests;
				PRODUCT_NAME = "$(TARGET_NAME)";
				SWIFT_VERSION = 4.2;
				TARGETED_DEVICE_FAMILY = "1,2";
				TEST_HOST = "$(BUILT_PRODUCTS_DIR)/Flix.app/Flix";
			};
			name = Release;
		};
		EF577171220DC630001C11B2 /* Debug */ = {
			isa = XCBuildConfiguration;
			baseConfigurationReference = BD032765017C0F2E0FCD1363 /* Pods-FlixUITests.debug.xcconfig */;
			buildSettings = {
				ALWAYS_EMBED_SWIFT_STANDARD_LIBRARIES = YES;
				CODE_SIGN_STYLE = Automatic;
				INFOPLIST_FILE = FlixUITests/Info.plist;
				LD_RUNPATH_SEARCH_PATHS = (
					"$(inherited)",
					"@executable_path/Frameworks",
					"@loader_path/Frameworks",
				);
				PRODUCT_BUNDLE_IDENTIFIER = com.codepath.FlixUITests;
				PRODUCT_NAME = "$(TARGET_NAME)";
				SWIFT_VERSION = 4.2;
				TARGETED_DEVICE_FAMILY = "1,2";
				TEST_TARGET_NAME = Flix;
			};
			name = Debug;
		};
		EF577172220DC630001C11B2 /* Release */ = {
			isa = XCBuildConfiguration;
			baseConfigurationReference = 1257A8A3280F37E164F3FD01 /* Pods-FlixUITests.release.xcconfig */;
			buildSettings = {
				ALWAYS_EMBED_SWIFT_STANDARD_LIBRARIES = YES;
				CODE_SIGN_STYLE = Automatic;
				INFOPLIST_FILE = FlixUITests/Info.plist;
				LD_RUNPATH_SEARCH_PATHS = (
					"$(inherited)",
					"@executable_path/Frameworks",
					"@loader_path/Frameworks",
				);
				PRODUCT_BUNDLE_IDENTIFIER = com.codepath.FlixUITests;
				PRODUCT_NAME = "$(TARGET_NAME)";
				SWIFT_VERSION = 4.2;
				TARGETED_DEVICE_FAMILY = "1,2";
				TEST_TARGET_NAME = Flix;
			};
			name = Release;
		};
/* End XCBuildConfiguration section */

/* Begin XCConfigurationList section */
		EF57713D220DC62E001C11B2 /* Build configuration list for PBXProject "Flix" */ = {
			isa = XCConfigurationList;
			buildConfigurations = (
				EF577168220DC630001C11B2 /* Debug */,
				EF577169220DC630001C11B2 /* Release */,
			);
			defaultConfigurationIsVisible = 0;
			defaultConfigurationName = Release;
		};
		EF57716A220DC630001C11B2 /* Build configuration list for PBXNativeTarget "Flix" */ = {
			isa = XCConfigurationList;
			buildConfigurations = (
				EF57716B220DC630001C11B2 /* Debug */,
				EF57716C220DC630001C11B2 /* Release */,
			);
			defaultConfigurationIsVisible = 0;
			defaultConfigurationName = Release;
		};
		EF57716D220DC630001C11B2 /* Build configuration list for PBXNativeTarget "FlixTests" */ = {
			isa = XCConfigurationList;
			buildConfigurations = (
				EF57716E220DC630001C11B2 /* Debug */,
				EF57716F220DC630001C11B2 /* Release */,
			);
			defaultConfigurationIsVisible = 0;
			defaultConfigurationName = Release;
		};
		EF577170220DC630001C11B2 /* Build configuration list for PBXNativeTarget "FlixUITests" */ = {
			isa = XCConfigurationList;
			buildConfigurations = (
				EF577171220DC630001C11B2 /* Debug */,
				EF577172220DC630001C11B2 /* Release */,
			);
			defaultConfigurationIsVisible = 0;
			defaultConfigurationName = Release;
		};
/* End XCConfigurationList section */
	};
	rootObject = EF57713A220DC62E001C11B2 /* Project object */;
}
