// !$*UTF8*$!
{
	archiveVersion = 1;
	classes = {
	};
	objectVersion = 50;
	objects = {

/* Begin PBXBuildFile section */
		2C756D9F4005E2EA365FEB90 /* Pods_TumblrTests.framework in Frameworks */ = {isa = PBXBuildFile; fileRef = F27A1CCC9B015D46FF7DEE33 /* Pods_TumblrTests.framework */; };
		6F0DF72CD3CFC2054ECD1841 /* Pods_TumblrUITests.framework in Frameworks */ = {isa = PBXBuildFile; fileRef = C93B2B533540DC239C6DB78A /* Pods_TumblrUITests.framework */; };
		D8620F6B319EC6600E4AAFF8 /* Pods_Tumblr.framework in Frameworks */ = {isa = PBXBuildFile; fileRef = 8C5D9EC7A5B85A0BFEE3CEB1 /* Pods_Tumblr.framework */; };
		EF73388C22051B7B0034C228 /* AppDelegate.swift in Sources */ = {isa = PBXBuildFile; fileRef = EF73388B22051B7B0034C228 /* AppDelegate.swift */; };
		EF73389122051B7B0034C228 /* Main.storyboard in Resources */ = {isa = PBXBuildFile; fileRef = EF73388F22051B7B0034C228 /* Main.storyboard */; };
		EF73389322051B7C0034C228 /* Assets.xcassets in Resources */ = {isa = PBXBuildFile; fileRef = EF73389222051B7C0034C228 /* Assets.xcassets */; };
		EF73389622051B7C0034C228 /* LaunchScreen.storyboard in Resources */ = {isa = PBXBuildFile; fileRef = EF73389422051B7C0034C228 /* LaunchScreen.storyboard */; };
		EF7338A122051B7D0034C228 /* TumblrTests.swift in Sources */ = {isa = PBXBuildFile; fileRef = EF7338A022051B7D0034C228 /* TumblrTests.swift */; };
		EF7338AC22051B7D0034C228 /* TumblrUITests.swift in Sources */ = {isa = PBXBuildFile; fileRef = EF7338AB22051B7D0034C228 /* TumblrUITests.swift */; };
		EF7338BC22051E6B0034C228 /* PhotosViewController.swift in Sources */ = {isa = PBXBuildFile; fileRef = EF7338BB22051E6B0034C228 /* PhotosViewController.swift */; };
		EF7338BE22052AC20034C228 /* PostCell.swift in Sources */ = {isa = PBXBuildFile; fileRef = EF7338BD22052AC20034C228 /* PostCell.swift */; };
/* End PBXBuildFile section */

/* Begin PBXContainerItemProxy section */
		EF73389D22051B7D0034C228 /* PBXContainerItemProxy */ = {
			isa = PBXContainerItemProxy;
			containerPortal = EF73388022051B7B0034C228 /* Project object */;
			proxyType = 1;
			remoteGlobalIDString = EF73388722051B7B0034C228;
			remoteInfo = Tumblr;
		};
		EF7338A822051B7D0034C228 /* PBXContainerItemProxy */ = {
			isa = PBXContainerItemProxy;
			containerPortal = EF73388022051B7B0034C228 /* Project object */;
			proxyType = 1;
			remoteGlobalIDString = EF73388722051B7B0034C228;
			remoteInfo = Tumblr;
		};
/* End PBXContainerItemProxy section */

/* Begin PBXFileReference section */
		365585E6DEEB664D7687F00F /* Pods-TumblrTests.debug.xcconfig */ = {isa = PBXFileReference; includeInIndex = 1; lastKnownFileType = text.xcconfig; name = "Pods-TumblrTests.debug.xcconfig"; path = "Pods/Target Support Files/Pods-TumblrTests/Pods-TumblrTests.debug.xcconfig"; sourceTree = "<group>"; };
		50937DE5322539AB4EBCF534 /* Pods-TumblrTests.release.xcconfig */ = {isa = PBXFileReference; includeInIndex = 1; lastKnownFileType = text.xcconfig; name = "Pods-TumblrTests.release.xcconfig"; path = "Pods/Target Support Files/Pods-TumblrTests/Pods-TumblrTests.release.xcconfig"; sourceTree = "<group>"; };
		6DE9BE84DC45FEA1F47614B1 /* Pods-Tumblr.debug.xcconfig */ = {isa = PBXFileReference; includeInIndex = 1; lastKnownFileType = text.xcconfig; name = "Pods-Tumblr.debug.xcconfig"; path = "Pods/Target Support Files/Pods-Tumblr/Pods-Tumblr.debug.xcconfig"; sourceTree = "<group>"; };
		6E15D4CD2E5CFADDC95D2073 /* Pods-TumblrUITests.release.xcconfig */ = {isa = PBXFileReference; includeInIndex = 1; lastKnownFileType = text.xcconfig; name = "Pods-TumblrUITests.release.xcconfig"; path = "Pods/Target Support Files/Pods-TumblrUITests/Pods-TumblrUITests.release.xcconfig"; sourceTree = "<group>"; };
		703CF1F5B8705517A2E9F1A3 /* Pods-Tumblr.release.xcconfig */ = {isa = PBXFileReference; includeInIndex = 1; lastKnownFileType = text.xcconfig; name = "Pods-Tumblr.release.xcconfig"; path = "Pods/Target Support Files/Pods-Tumblr/Pods-Tumblr.release.xcconfig"; sourceTree = "<group>"; };
		8C5D9EC7A5B85A0BFEE3CEB1 /* Pods_Tumblr.framework */ = {isa = PBXFileReference; explicitFileType = wrapper.framework; includeInIndex = 0; path = Pods_Tumblr.framework; sourceTree = BUILT_PRODUCTS_DIR; };
		C93B2B533540DC239C6DB78A /* Pods_TumblrUITests.framework */ = {isa = PBXFileReference; explicitFileType = wrapper.framework; includeInIndex = 0; path = Pods_TumblrUITests.framework; sourceTree = BUILT_PRODUCTS_DIR; };
		EF73388822051B7B0034C228 /* Tumblr.app */ = {isa = PBXFileReference; explicitFileType = wrapper.application; includeInIndex = 0; path = Tumblr.app; sourceTree = BUILT_PRODUCTS_DIR; };
		EF73388B22051B7B0034C228 /* AppDelegate.swift */ = {isa = PBXFileReference; lastKnownFileType = sourcecode.swift; path = AppDelegate.swift; sourceTree = "<group>"; };
		EF73389022051B7B0034C228 /* Base */ = {isa = PBXFileReference; lastKnownFileType = file.storyboard; name = Base; path = Base.lproj/Main.storyboard; sourceTree = "<group>"; };
		EF73389222051B7C0034C228 /* Assets.xcassets */ = {isa = PBXFileReference; lastKnownFileType = folder.assetcatalog; path = Assets.xcassets; sourceTree = "<group>"; };
		EF73389522051B7C0034C228 /* Base */ = {isa = PBXFileReference; lastKnownFileType = file.storyboard; name = Base; path = Base.lproj/LaunchScreen.storyboard; sourceTree = "<group>"; };
		EF73389722051B7C0034C228 /* Info.plist */ = {isa = PBXFileReference; lastKnownFileType = text.plist.xml; path = Info.plist; sourceTree = "<group>"; };
		EF73389C22051B7D0034C228 /* TumblrTests.xctest */ = {isa = PBXFileReference; explicitFileType = wrapper.cfbundle; includeInIndex = 0; path = TumblrTests.xctest; sourceTree = BUILT_PRODUCTS_DIR; };
		EF7338A022051B7D0034C228 /* TumblrTests.swift */ = {isa = PBXFileReference; lastKnownFileType = sourcecode.swift; path = TumblrTests.swift; sourceTree = "<group>"; };
		EF7338A222051B7D0034C228 /* Info.plist */ = {isa = PBXFileReference; lastKnownFileType = text.plist.xml; path = Info.plist; sourceTree = "<group>"; };
		EF7338A722051B7D0034C228 /* TumblrUITests.xctest */ = {isa = PBXFileReference; explicitFileType = wrapper.cfbundle; includeInIndex = 0; path = TumblrUITests.xctest; sourceTree = BUILT_PRODUCTS_DIR; };
		EF7338AB22051B7D0034C228 /* TumblrUITests.swift */ = {isa = PBXFileReference; lastKnownFileType = sourcecode.swift; path = TumblrUITests.swift; sourceTree = "<group>"; };
		EF7338AD22051B7D0034C228 /* Info.plist */ = {isa = PBXFileReference; lastKnownFileType = text.plist.xml; path = Info.plist; sourceTree = "<group>"; };
		EF7338BB22051E6B0034C228 /* PhotosViewController.swift */ = {isa = PBXFileReference; lastKnownFileType = sourcecode.swift; path = PhotosViewController.swift; sourceTree = "<group>"; };
		EF7338BD22052AC20034C228 /* PostCell.swift */ = {isa = PBXFileReference; lastKnownFileType = sourcecode.swift; path = PostCell.swift; sourceTree = "<group>"; };
		F27A1CCC9B015D46FF7DEE33 /* Pods_TumblrTests.framework */ = {isa = PBXFileReference; explicitFileType = wrapper.framework; includeInIndex = 0; path = Pods_TumblrTests.framework; sourceTree = BUILT_PRODUCTS_DIR; };
		F623A811C2734D2A68BECF59 /* Pods-TumblrUITests.debug.xcconfig */ = {isa = PBXFileReference; includeInIndex = 1; lastKnownFileType = text.xcconfig; name = "Pods-TumblrUITests.debug.xcconfig"; path = "Pods/Target Support Files/Pods-TumblrUITests/Pods-TumblrUITests.debug.xcconfig"; sourceTree = "<group>"; };
/* End PBXFileReference section */

/* Begin PBXFrameworksBuildPhase section */
		EF73388522051B7B0034C228 /* Frameworks */ = {
			isa = PBXFrameworksBuildPhase;
			buildActionMask = 2147483647;
			files = (
				D8620F6B319EC6600E4AAFF8 /* Pods_Tumblr.framework in Frameworks */,
			);
			runOnlyForDeploymentPostprocessing = 0;
		};
		EF73389922051B7D0034C228 /* Frameworks */ = {
			isa = PBXFrameworksBuildPhase;
			buildActionMask = 2147483647;
			files = (
				2C756D9F4005E2EA365FEB90 /* Pods_TumblrTests.framework in Frameworks */,
			);
			runOnlyForDeploymentPostprocessing = 0;
		};
		EF7338A422051B7D0034C228 /* Frameworks */ = {
			isa = PBXFrameworksBuildPhase;
			buildActionMask = 2147483647;
			files = (
				6F0DF72CD3CFC2054ECD1841 /* Pods_TumblrUITests.framework in Frameworks */,
			);
			runOnlyForDeploymentPostprocessing = 0;
		};
/* End PBXFrameworksBuildPhase section */

/* Begin PBXGroup section */
		5510FC7911A3FC1D13198D51 /* Frameworks */ = {
			isa = PBXGroup;
			children = (
				8C5D9EC7A5B85A0BFEE3CEB1 /* Pods_Tumblr.framework */,
				F27A1CCC9B015D46FF7DEE33 /* Pods_TumblrTests.framework */,
				C93B2B533540DC239C6DB78A /* Pods_TumblrUITests.framework */,
			);
			name = Frameworks;
			sourceTree = "<group>";
		};
		81FE962285FB2BEC6BC8307B /* Pods */ = {
			isa = PBXGroup;
			children = (
				6DE9BE84DC45FEA1F47614B1 /* Pods-Tumblr.debug.xcconfig */,
				703CF1F5B8705517A2E9F1A3 /* Pods-Tumblr.release.xcconfig */,
				365585E6DEEB664D7687F00F /* Pods-TumblrTests.debug.xcconfig */,
				50937DE5322539AB4EBCF534 /* Pods-TumblrTests.release.xcconfig */,
				F623A811C2734D2A68BECF59 /* Pods-TumblrUITests.debug.xcconfig */,
				6E15D4CD2E5CFADDC95D2073 /* Pods-TumblrUITests.release.xcconfig */,
			);
			name = Pods;
			sourceTree = "<group>";
		};
		EF73387F22051B7B0034C228 = {
			isa = PBXGroup;
			children = (
				EF73388A22051B7B0034C228 /* Tumblr */,
				EF73389F22051B7D0034C228 /* TumblrTests */,
				EF7338AA22051B7D0034C228 /* TumblrUITests */,
				EF73388922051B7B0034C228 /* Products */,
				81FE962285FB2BEC6BC8307B /* Pods */,
				5510FC7911A3FC1D13198D51 /* Frameworks */,
			);
			sourceTree = "<group>";
		};
		EF73388922051B7B0034C228 /* Products */ = {
			isa = PBXGroup;
			children = (
				EF73388822051B7B0034C228 /* Tumblr.app */,
				EF73389C22051B7D0034C228 /* TumblrTests.xctest */,
				EF7338A722051B7D0034C228 /* TumblrUITests.xctest */,
			);
			name = Products;
			sourceTree = "<group>";
		};
		EF73388A22051B7B0034C228 /* Tumblr */ = {
			isa = PBXGroup;
			children = (
				EF73388B22051B7B0034C228 /* AppDelegate.swift */,
				EF7338BB22051E6B0034C228 /* PhotosViewController.swift */,
				EF73388F22051B7B0034C228 /* Main.storyboard */,
				EF7338BD22052AC20034C228 /* PostCell.swift */,
				EF73389222051B7C0034C228 /* Assets.xcassets */,
				EF73389422051B7C0034C228 /* LaunchScreen.storyboard */,
				EF73389722051B7C0034C228 /* Info.plist */,
			);
			path = Tumblr;
			sourceTree = "<group>";
		};
		EF73389F22051B7D0034C228 /* TumblrTests */ = {
			isa = PBXGroup;
			children = (
				EF7338A022051B7D0034C228 /* TumblrTests.swift */,
				EF7338A222051B7D0034C228 /* Info.plist */,
			);
			path = TumblrTests;
			sourceTree = "<group>";
		};
		EF7338AA22051B7D0034C228 /* TumblrUITests */ = {
			isa = PBXGroup;
			children = (
				EF7338AB22051B7D0034C228 /* TumblrUITests.swift */,
				EF7338AD22051B7D0034C228 /* Info.plist */,
			);
			path = TumblrUITests;
			sourceTree = "<group>";
		};
/* End PBXGroup section */

/* Begin PBXNativeTarget section */
		EF73388722051B7B0034C228 /* Tumblr */ = {
			isa = PBXNativeTarget;
			buildConfigurationList = EF7338B022051B7D0034C228 /* Build configuration list for PBXNativeTarget "Tumblr" */;
			buildPhases = (
				359C3DDCF7E00EFE244EFE7D /* [CP] Check Pods Manifest.lock */,
				EF73388422051B7B0034C228 /* Sources */,
				EF73388522051B7B0034C228 /* Frameworks */,
				EF73388622051B7B0034C228 /* Resources */,
				8B0B2456751DD11545C148D2 /* [CP] Embed Pods Frameworks */,
			);
			buildRules = (
			);
			dependencies = (
			);
			name = Tumblr;
			productName = Tumblr;
			productReference = EF73388822051B7B0034C228 /* Tumblr.app */;
			productType = "com.apple.product-type.application";
		};
		EF73389B22051B7D0034C228 /* TumblrTests */ = {
			isa = PBXNativeTarget;
			buildConfigurationList = EF7338B322051B7D0034C228 /* Build configuration list for PBXNativeTarget "TumblrTests" */;
			buildPhases = (
				5E6E2B2AA9258E0C706C9257 /* [CP] Check Pods Manifest.lock */,
				EF73389822051B7D0034C228 /* Sources */,
				EF73389922051B7D0034C228 /* Frameworks */,
				EF73389A22051B7D0034C228 /* Resources */,
			);
			buildRules = (
			);
			dependencies = (
				EF73389E22051B7D0034C228 /* PBXTargetDependency */,
			);
			name = TumblrTests;
			productName = TumblrTests;
			productReference = EF73389C22051B7D0034C228 /* TumblrTests.xctest */;
			productType = "com.apple.product-type.bundle.unit-test";
		};
		EF7338A622051B7D0034C228 /* TumblrUITests */ = {
			isa = PBXNativeTarget;
			buildConfigurationList = EF7338B622051B7D0034C228 /* Build configuration list for PBXNativeTarget "TumblrUITests" */;
			buildPhases = (
				6F3A49D7F81F492ABE428525 /* [CP] Check Pods Manifest.lock */,
				EF7338A322051B7D0034C228 /* Sources */,
				EF7338A422051B7D0034C228 /* Frameworks */,
				EF7338A522051B7D0034C228 /* Resources */,
			);
			buildRules = (
			);
			dependencies = (
				EF7338A922051B7D0034C228 /* PBXTargetDependency */,
			);
			name = TumblrUITests;
			productName = TumblrUITests;
			productReference = EF7338A722051B7D0034C228 /* TumblrUITests.xctest */;
			productType = "com.apple.product-type.bundle.ui-testing";
		};
/* End PBXNativeTarget section */

/* Begin PBXProject section */
		EF73388022051B7B0034C228 /* Project object */ = {
			isa = PBXProject;
			attributes = {
				LastSwiftUpdateCheck = 1000;
				LastUpgradeCheck = 1000;
				ORGANIZATIONNAME = "Yash Mahajan";
				TargetAttributes = {
					EF73388722051B7B0034C228 = {
						CreatedOnToolsVersion = 10.0;
					};
					EF73389B22051B7D0034C228 = {
						CreatedOnToolsVersion = 10.0;
						TestTargetID = EF73388722051B7B0034C228;
					};
					EF7338A622051B7D0034C228 = {
						CreatedOnToolsVersion = 10.0;
						TestTargetID = EF73388722051B7B0034C228;
					};
				};
			};
			buildConfigurationList = EF73388322051B7B0034C228 /* Build configuration list for PBXProject "Tumblr" */;
			compatibilityVersion = "Xcode 9.3";
			developmentRegion = en;
			hasScannedForEncodings = 0;
			knownRegions = (
				en,
				Base,
			);
			mainGroup = EF73387F22051B7B0034C228;
			productRefGroup = EF73388922051B7B0034C228 /* Products */;
			projectDirPath = "";
			projectRoot = "";
			targets = (
				EF73388722051B7B0034C228 /* Tumblr */,
				EF73389B22051B7D0034C228 /* TumblrTests */,
				EF7338A622051B7D0034C228 /* TumblrUITests */,
			);
		};
/* End PBXProject section */

/* Begin PBXResourcesBuildPhase section */
		EF73388622051B7B0034C228 /* Resources */ = {
			isa = PBXResourcesBuildPhase;
			buildActionMask = 2147483647;
			files = (
				EF73389622051B7C0034C228 /* LaunchScreen.storyboard in Resources */,
				EF73389322051B7C0034C228 /* Assets.xcassets in Resources */,
				EF73389122051B7B0034C228 /* Main.storyboard in Resources */,
			);
			runOnlyForDeploymentPostprocessing = 0;
		};
		EF73389A22051B7D0034C228 /* Resources */ = {
			isa = PBXResourcesBuildPhase;
			buildActionMask = 2147483647;
			files = (
			);
			runOnlyForDeploymentPostprocessing = 0;
		};
		EF7338A522051B7D0034C228 /* Resources */ = {
			isa = PBXResourcesBuildPhase;
			buildActionMask = 2147483647;
			files = (
			);
			runOnlyForDeploymentPostprocessing = 0;
		};
/* End PBXResourcesBuildPhase section */

/* Begin PBXShellScriptBuildPhase section */
		359C3DDCF7E00EFE244EFE7D /* [CP] Check Pods Manifest.lock */ = {
			isa = PBXShellScriptBuildPhase;
			buildActionMask = 2147483647;
			files = (
			);
			inputFileListPaths = (
			);
			inputPaths = (
				"${PODS_PODFILE_DIR_PATH}/Podfile.lock",
				"${PODS_ROOT}/Manifest.lock",
			);
			name = "[CP] Check Pods Manifest.lock";
			outputFileListPaths = (
			);
			outputPaths = (
				"$(DERIVED_FILE_DIR)/Pods-Tumblr-checkManifestLockResult.txt",
			);
			runOnlyForDeploymentPostprocessing = 0;
			shellPath = /bin/sh;
			shellScript = "diff \"${PODS_PODFILE_DIR_PATH}/Podfile.lock\" \"${PODS_ROOT}/Manifest.lock\" > /dev/null\nif [ $? != 0 ] ; then\n    # print error to STDERR\n    echo \"error: The sandbox is not in sync with the Podfile.lock. Run 'pod install' or update your CocoaPods installation.\" >&2\n    exit 1\nfi\n# This output is used by Xcode 'outputs' to avoid re-running this script phase.\necho \"SUCCESS\" > \"${SCRIPT_OUTPUT_FILE_0}\"\n";
			showEnvVarsInLog = 0;
		};
		5E6E2B2AA9258E0C706C9257 /* [CP] Check Pods Manifest.lock */ = {
			isa = PBXShellScriptBuildPhase;
			buildActionMask = 2147483647;
			files = (
			);
			inputFileListPaths = (
			);
			inputPaths = (
				"${PODS_PODFILE_DIR_PATH}/Podfile.lock",
				"${PODS_ROOT}/Manifest.lock",
			);
			name = "[CP] Check Pods Manifest.lock";
			outputFileListPaths = (
			);
			outputPaths = (
				"$(DERIVED_FILE_DIR)/Pods-TumblrTests-checkManifestLockResult.txt",
			);
			runOnlyForDeploymentPostprocessing = 0;
			shellPath = /bin/sh;
			shellScript = "diff \"${PODS_PODFILE_DIR_PATH}/Podfile.lock\" \"${PODS_ROOT}/Manifest.lock\" > /dev/null\nif [ $? != 0 ] ; then\n    # print error to STDERR\n    echo \"error: The sandbox is not in sync with the Podfile.lock. Run 'pod install' or update your CocoaPods installation.\" >&2\n    exit 1\nfi\n# This output is used by Xcode 'outputs' to avoid re-running this script phase.\necho \"SUCCESS\" > \"${SCRIPT_OUTPUT_FILE_0}\"\n";
			showEnvVarsInLog = 0;
		};
		6F3A49D7F81F492ABE428525 /* [CP] Check Pods Manifest.lock */ = {
			isa = PBXShellScriptBuildPhase;
			buildActionMask = 2147483647;
			files = (
			);
			inputFileListPaths = (
			);
			inputPaths = (
				"${PODS_PODFILE_DIR_PATH}/Podfile.lock",
				"${PODS_ROOT}/Manifest.lock",
			);
			name = "[CP] Check Pods Manifest.lock";
			outputFileListPaths = (
			);
			outputPaths = (
				"$(DERIVED_FILE_DIR)/Pods-TumblrUITests-checkManifestLockResult.txt",
			);
			runOnlyForDeploymentPostprocessing = 0;
			shellPath = /bin/sh;
			shellScript = "diff \"${PODS_PODFILE_DIR_PATH}/Podfile.lock\" \"${PODS_ROOT}/Manifest.lock\" > /dev/null\nif [ $? != 0 ] ; then\n    # print error to STDERR\n    echo \"error: The sandbox is not in sync with the Podfile.lock. Run 'pod install' or update your CocoaPods installation.\" >&2\n    exit 1\nfi\n# This output is used by Xcode 'outputs' to avoid re-running this script phase.\necho \"SUCCESS\" > \"${SCRIPT_OUTPUT_FILE_0}\"\n";
			showEnvVarsInLog = 0;
		};
		8B0B2456751DD11545C148D2 /* [CP] Embed Pods Frameworks */ = {
			isa = PBXShellScriptBuildPhase;
			buildActionMask = 2147483647;
			files = (
			);
			inputFileListPaths = (
			);
			inputPaths = (
				"${SRCROOT}/Pods/Target Support Files/Pods-Tumblr/Pods-Tumblr-frameworks.sh",
				"${BUILT_PRODUCTS_DIR}/Alamofire/Alamofire.framework",
				"${BUILT_PRODUCTS_DIR}/AlamofireImage/AlamofireImage.framework",
			);
			name = "[CP] Embed Pods Frameworks";
			outputFileListPaths = (
			);
			outputPaths = (
				"${TARGET_BUILD_DIR}/${FRAMEWORKS_FOLDER_PATH}/Alamofire.framework",
				"${TARGET_BUILD_DIR}/${FRAMEWORKS_FOLDER_PATH}/AlamofireImage.framework",
			);
			runOnlyForDeploymentPostprocessing = 0;
			shellPath = /bin/sh;
			shellScript = "\"${SRCROOT}/Pods/Target Support Files/Pods-Tumblr/Pods-Tumblr-frameworks.sh\"\n";
			showEnvVarsInLog = 0;
		};
/* End PBXShellScriptBuildPhase section */

/* Begin PBXSourcesBuildPhase section */
		EF73388422051B7B0034C228 /* Sources */ = {
			isa = PBXSourcesBuildPhase;
			buildActionMask = 2147483647;
			files = (
				EF73388C22051B7B0034C228 /* AppDelegate.swift in Sources */,
				EF7338BC22051E6B0034C228 /* PhotosViewController.swift in Sources */,
				EF7338BE22052AC20034C228 /* PostCell.swift in Sources */,
			);
			runOnlyForDeploymentPostprocessing = 0;
		};
		EF73389822051B7D0034C228 /* Sources */ = {
			isa = PBXSourcesBuildPhase;
			buildActionMask = 2147483647;
			files = (
				EF7338A122051B7D0034C228 /* TumblrTests.swift in Sources */,
			);
			runOnlyForDeploymentPostprocessing = 0;
		};
		EF7338A322051B7D0034C228 /* Sources */ = {
			isa = PBXSourcesBuildPhase;
			buildActionMask = 2147483647;
			files = (
				EF7338AC22051B7D0034C228 /* TumblrUITests.swift in Sources */,
			);
			runOnlyForDeploymentPostprocessing = 0;
		};
/* End PBXSourcesBuildPhase section */

/* Begin PBXTargetDependency section */
		EF73389E22051B7D0034C228 /* PBXTargetDependency */ = {
			isa = PBXTargetDependency;
			target = EF73388722051B7B0034C228 /* Tumblr */;
			targetProxy = EF73389D22051B7D0034C228 /* PBXContainerItemProxy */;
		};
		EF7338A922051B7D0034C228 /* PBXTargetDependency */ = {
			isa = PBXTargetDependency;
			target = EF73388722051B7B0034C228 /* Tumblr */;
			targetProxy = EF7338A822051B7D0034C228 /* PBXContainerItemProxy */;
		};
/* End PBXTargetDependency section */

/* Begin PBXVariantGroup section */
		EF73388F22051B7B0034C228 /* Main.storyboard */ = {
			isa = PBXVariantGroup;
			children = (
				EF73389022051B7B0034C228 /* Base */,
			);
			name = Main.storyboard;
			sourceTree = "<group>";
		};
		EF73389422051B7C0034C228 /* LaunchScreen.storyboard */ = {
			isa = PBXVariantGroup;
			children = (
				EF73389522051B7C0034C228 /* Base */,
			);
			name = LaunchScreen.storyboard;
			sourceTree = "<group>";
		};
/* End PBXVariantGroup section */

/* Begin XCBuildConfiguration section */
		EF7338AE22051B7D0034C228 /* Debug */ = {
			isa = XCBuildConfiguration;
			buildSettings = {
				ALWAYS_SEARCH_USER_PATHS = NO;
				CLANG_ANALYZER_NONNULL = YES;
				CLANG_ANALYZER_NUMBER_OBJECT_CONVERSION = YES_AGGRESSIVE;
				CLANG_CXX_LANGUAGE_STANDARD = "gnu++14";
				CLANG_CXX_LIBRARY = "libc++";
				CLANG_ENABLE_MODULES = YES;
				CLANG_ENABLE_OBJC_ARC = YES;
				CLANG_ENABLE_OBJC_WEAK = YES;
				CLANG_WARN_BLOCK_CAPTURE_AUTORELEASING = YES;
				CLANG_WARN_BOOL_CONVERSION = YES;
				CLANG_WARN_COMMA = YES;
				CLANG_WARN_CONSTANT_CONVERSION = YES;
				CLANG_WARN_DEPRECATED_OBJC_IMPLEMENTATIONS = YES;
				CLANG_WARN_DIRECT_OBJC_ISA_USAGE = YES_ERROR;
				CLANG_WARN_DOCUMENTATION_COMMENTS = YES;
				CLANG_WARN_EMPTY_BODY = YES;
				CLANG_WARN_ENUM_CONVERSION = YES;
				CLANG_WARN_INFINITE_RECURSION = YES;
				CLANG_WARN_INT_CONVERSION = YES;
				CLANG_WARN_NON_LITERAL_NULL_CONVERSION = YES;
				CLANG_WARN_OBJC_IMPLICIT_RETAIN_SELF = YES;
				CLANG_WARN_OBJC_LITERAL_CONVERSION = YES;
				CLANG_WARN_OBJC_ROOT_CLASS = YES_ERROR;
				CLANG_WARN_RANGE_LOOP_ANALYSIS = YES;
				CLANG_WARN_STRICT_PROTOTYPES = YES;
				CLANG_WARN_SUSPICIOUS_MOVE = YES;
				CLANG_WARN_UNGUARDED_AVAILABILITY = YES_AGGRESSIVE;
				CLANG_WARN_UNREACHABLE_CODE = YES;
				CLANG_WARN__DUPLICATE_METHOD_MATCH = YES;
				CODE_SIGN_IDENTITY = "iPhone Developer";
				COPY_PHASE_STRIP = NO;
				DEBUG_INFORMATION_FORMAT = dwarf;
				ENABLE_STRICT_OBJC_MSGSEND = YES;
				ENABLE_TESTABILITY = YES;
				GCC_C_LANGUAGE_STANDARD = gnu11;
				GCC_DYNAMIC_NO_PIC = NO;
				GCC_NO_COMMON_BLOCKS = YES;
				GCC_OPTIMIZATION_LEVEL = 0;
				GCC_PREPROCESSOR_DEFINITIONS = (
					"DEBUG=1",
					"$(inherited)",
				);
				GCC_WARN_64_TO_32_BIT_CONVERSION = YES;
				GCC_WARN_ABOUT_RETURN_TYPE = YES_ERROR;
				GCC_WARN_UNDECLARED_SELECTOR = YES;
				GCC_WARN_UNINITIALIZED_AUTOS = YES_AGGRESSIVE;
				GCC_WARN_UNUSED_FUNCTION = YES;
				GCC_WARN_UNUSED_VARIABLE = YES;
				IPHONEOS_DEPLOYMENT_TARGET = 12.0;
				MTL_ENABLE_DEBUG_INFO = INCLUDE_SOURCE;
				MTL_FAST_MATH = YES;
				ONLY_ACTIVE_ARCH = YES;
				SDKROOT = iphoneos;
				SWIFT_ACTIVE_COMPILATION_CONDITIONS = DEBUG;
				SWIFT_OPTIMIZATION_LEVEL = "-Onone";
			};
			name = Debug;
		};
		EF7338AF22051B7D0034C228 /* Release */ = {
			isa = XCBuildConfiguration;
			buildSettings = {
				ALWAYS_SEARCH_USER_PATHS = NO;
				CLANG_ANALYZER_NONNULL = YES;
				CLANG_ANALYZER_NUMBER_OBJECT_CONVERSION = YES_AGGRESSIVE;
				CLANG_CXX_LANGUAGE_STANDARD = "gnu++14";
				CLANG_CXX_LIBRARY = "libc++";
				CLANG_ENABLE_MODULES = YES;
				CLANG_ENABLE_OBJC_ARC = YES;
				CLANG_ENABLE_OBJC_WEAK = YES;
				CLANG_WARN_BLOCK_CAPTURE_AUTORELEASING = YES;
				CLANG_WARN_BOOL_CONVERSION = YES;
				CLANG_WARN_COMMA = YES;
				CLANG_WARN_CONSTANT_CONVERSION = YES;
				CLANG_WARN_DEPRECATED_OBJC_IMPLEMENTATIONS = YES;
				CLANG_WARN_DIRECT_OBJC_ISA_USAGE = YES_ERROR;
				CLANG_WARN_DOCUMENTATION_COMMENTS = YES;
				CLANG_WARN_EMPTY_BODY = YES;
				CLANG_WARN_ENUM_CONVERSION = YES;
				CLANG_WARN_INFINITE_RECURSION = YES;
				CLANG_WARN_INT_CONVERSION = YES;
				CLANG_WARN_NON_LITERAL_NULL_CONVERSION = YES;
				CLANG_WARN_OBJC_IMPLICIT_RETAIN_SELF = YES;
				CLANG_WARN_OBJC_LITERAL_CONVERSION = YES;
				CLANG_WARN_OBJC_ROOT_CLASS = YES_ERROR;
				CLANG_WARN_RANGE_LOOP_ANALYSIS = YES;
				CLANG_WARN_STRICT_PROTOTYPES = YES;
				CLANG_WARN_SUSPICIOUS_MOVE = YES;
				CLANG_WARN_UNGUARDED_AVAILABILITY = YES_AGGRESSIVE;
				CLANG_WARN_UNREACHABLE_CODE = YES;
				CLANG_WARN__DUPLICATE_METHOD_MATCH = YES;
				CODE_SIGN_IDENTITY = "iPhone Developer";
				COPY_PHASE_STRIP = NO;
				DEBUG_INFORMATION_FORMAT = "dwarf-with-dsym";
				ENABLE_NS_ASSERTIONS = NO;
				ENABLE_STRICT_OBJC_MSGSEND = YES;
				GCC_C_LANGUAGE_STANDARD = gnu11;
				GCC_NO_COMMON_BLOCKS = YES;
				GCC_WARN_64_TO_32_BIT_CONVERSION = YES;
				GCC_WARN_ABOUT_RETURN_TYPE = YES_ERROR;
				GCC_WARN_UNDECLARED_SELECTOR = YES;
				GCC_WARN_UNINITIALIZED_AUTOS = YES_AGGRESSIVE;
				GCC_WARN_UNUSED_FUNCTION = YES;
				GCC_WARN_UNUSED_VARIABLE = YES;
				IPHONEOS_DEPLOYMENT_TARGET = 12.0;
				MTL_ENABLE_DEBUG_INFO = NO;
				MTL_FAST_MATH = YES;
				SDKROOT = iphoneos;
				SWIFT_COMPILATION_MODE = wholemodule;
				SWIFT_OPTIMIZATION_LEVEL = "-O";
				VALIDATE_PRODUCT = YES;
			};
			name = Release;
		};
		EF7338B122051B7D0034C228 /* Debug */ = {
			isa = XCBuildConfiguration;
			baseConfigurationReference = 6DE9BE84DC45FEA1F47614B1 /* Pods-Tumblr.debug.xcconfig */;
			buildSettings = {
				ASSETCATALOG_COMPILER_APPICON_NAME = AppIcon;
				CODE_SIGN_STYLE = Automatic;
				INFOPLIST_FILE = Tumblr/Info.plist;
				LD_RUNPATH_SEARCH_PATHS = (
					"$(inherited)",
					"@executable_path/Frameworks",
				);
				PRODUCT_BUNDLE_IDENTIFIER = com.codepath.Tumblr;
				PRODUCT_NAME = "$(TARGET_NAME)";
				SWIFT_VERSION = 4.2;
				TARGETED_DEVICE_FAMILY = "1,2";
			};
			name = Debug;
		};
		EF7338B222051B7D0034C228 /* Release */ = {
			isa = XCBuildConfiguration;
			baseConfigurationReference = 703CF1F5B8705517A2E9F1A3 /* Pods-Tumblr.release.xcconfig */;
			buildSettings = {
				ASSETCATALOG_COMPILER_APPICON_NAME = AppIcon;
				CODE_SIGN_STYLE = Automatic;
				INFOPLIST_FILE = Tumblr/Info.plist;
				LD_RUNPATH_SEARCH_PATHS = (
					"$(inherited)",
					"@executable_path/Frameworks",
				);
				PRODUCT_BUNDLE_IDENTIFIER = com.codepath.Tumblr;
				PRODUCT_NAME = "$(TARGET_NAME)";
				SWIFT_VERSION = 4.2;
				TARGETED_DEVICE_FAMILY = "1,2";
			};
			name = Release;
		};
		EF7338B422051B7D0034C228 /* Debug */ = {
			isa = XCBuildConfiguration;
			baseConfigurationReference = 365585E6DEEB664D7687F00F /* Pods-TumblrTests.debug.xcconfig */;
			buildSettings = {
				ALWAYS_EMBED_SWIFT_STANDARD_LIBRARIES = YES;
				BUNDLE_LOADER = "$(TEST_HOST)";
				CODE_SIGN_STYLE = Automatic;
				INFOPLIST_FILE = TumblrTests/Info.plist;
				LD_RUNPATH_SEARCH_PATHS = (
					"$(inherited)",
					"@executable_path/Frameworks",
					"@loader_path/Frameworks",
				);
				PRODUCT_BUNDLE_IDENTIFIER = com.codepath.TumblrTests;
				PRODUCT_NAME = "$(TARGET_NAME)";
				SWIFT_VERSION = 4.2;
				TARGETED_DEVICE_FAMILY = "1,2";
				TEST_HOST = "$(BUILT_PRODUCTS_DIR)/Tumblr.app/Tumblr";
			};
			name = Debug;
		};
		EF7338B522051B7D0034C228 /* Release */ = {
			isa = XCBuildConfiguration;
			baseConfigurationReference = 50937DE5322539AB4EBCF534 /* Pods-TumblrTests.release.xcconfig */;
			buildSettings = {
				ALWAYS_EMBED_SWIFT_STANDARD_LIBRARIES = YES;
				BUNDLE_LOADER = "$(TEST_HOST)";
				CODE_SIGN_STYLE = Automatic;
				INFOPLIST_FILE = TumblrTests/Info.plist;
				LD_RUNPATH_SEARCH_PATHS = (
					"$(inherited)",
					"@executable_path/Frameworks",
					"@loader_path/Frameworks",
				);
				PRODUCT_BUNDLE_IDENTIFIER = com.codepath.TumblrTests;
				PRODUCT_NAME = "$(TARGET_NAME)";
				SWIFT_VERSION = 4.2;
				TARGETED_DEVICE_FAMILY = "1,2";
				TEST_HOST = "$(BUILT_PRODUCTS_DIR)/Tumblr.app/Tumblr";
			};
			name = Release;
		};
		EF7338B722051B7D0034C228 /* Debug */ = {
			isa = XCBuildConfiguration;
			baseConfigurationReference = F623A811C2734D2A68BECF59 /* Pods-TumblrUITests.debug.xcconfig */;
			buildSettings = {
				ALWAYS_EMBED_SWIFT_STANDARD_LIBRARIES = YES;
				CODE_SIGN_STYLE = Automatic;
				INFOPLIST_FILE = TumblrUITests/Info.plist;
				LD_RUNPATH_SEARCH_PATHS = (
					"$(inherited)",
					"@executable_path/Frameworks",
					"@loader_path/Frameworks",
				);
				PRODUCT_BUNDLE_IDENTIFIER = com.codepath.TumblrUITests;
				PRODUCT_NAME = "$(TARGET_NAME)";
				SWIFT_VERSION = 4.2;
				TARGETED_DEVICE_FAMILY = "1,2";
				TEST_TARGET_NAME = Tumblr;
			};
			name = Debug;
		};
		EF7338B822051B7D0034C228 /* Release */ = {
			isa = XCBuildConfiguration;
			baseConfigurationReference = 6E15D4CD2E5CFADDC95D2073 /* Pods-TumblrUITests.release.xcconfig */;
			buildSettings = {
				ALWAYS_EMBED_SWIFT_STANDARD_LIBRARIES = YES;
				CODE_SIGN_STYLE = Automatic;
				INFOPLIST_FILE = TumblrUITests/Info.plist;
				LD_RUNPATH_SEARCH_PATHS = (
					"$(inherited)",
					"@executable_path/Frameworks",
					"@loader_path/Frameworks",
				);
				PRODUCT_BUNDLE_IDENTIFIER = com.codepath.TumblrUITests;
				PRODUCT_NAME = "$(TARGET_NAME)";
				SWIFT_VERSION = 4.2;
				TARGETED_DEVICE_FAMILY = "1,2";
				TEST_TARGET_NAME = Tumblr;
			};
			name = Release;
		};
/* End XCBuildConfiguration section */

/* Begin XCConfigurationList section */
		EF73388322051B7B0034C228 /* Build configuration list for PBXProject "Tumblr" */ = {
			isa = XCConfigurationList;
			buildConfigurations = (
				EF7338AE22051B7D0034C228 /* Debug */,
				EF7338AF22051B7D0034C228 /* Release */,
			);
			defaultConfigurationIsVisible = 0;
			defaultConfigurationName = Release;
		};
		EF7338B022051B7D0034C228 /* Build configuration list for PBXNativeTarget "Tumblr" */ = {
			isa = XCConfigurationList;
			buildConfigurations = (
				EF7338B122051B7D0034C228 /* Debug */,
				EF7338B222051B7D0034C228 /* Release */,
			);
			defaultConfigurationIsVisible = 0;
			defaultConfigurationName = Release;
		};
		EF7338B322051B7D0034C228 /* Build configuration list for PBXNativeTarget "TumblrTests" */ = {
			isa = XCConfigurationList;
			buildConfigurations = (
				EF7338B422051B7D0034C228 /* Debug */,
				EF7338B522051B7D0034C228 /* Release */,
			);
			defaultConfigurationIsVisible = 0;
			defaultConfigurationName = Release;
		};
		EF7338B622051B7D0034C228 /* Build configuration list for PBXNativeTarget "TumblrUITests" */ = {
			isa = XCConfigurationList;
			buildConfigurations = (
				EF7338B722051B7D0034C228 /* Debug */,
				EF7338B822051B7D0034C228 /* Release */,
			);
			defaultConfigurationIsVisible = 0;
			defaultConfigurationName = Release;
		};
/* End XCConfigurationList section */
	};
	rootObject = EF73388022051B7B0034C228 /* Project object */;
}
